# THIS IS AN AUTOGENERATED FILE. DO NOT EDIT THIS FILE DIRECTLY.
# yarn lockfile v1


"@napi-rs/canvas-android-arm64@0.1.34":
  version "0.1.34"
  resolved "https://registry.yarnpkg.com/@napi-rs/canvas-android-arm64/-/canvas-android-arm64-0.1.34.tgz#13087955e261e66c5b0a253252655c333ca08e1a"
  integrity sha512-oj6zoaLG3Re3EpKSaXy6rkYpw+dCiqFSpl2JL/uWZ5F2oB3A9KKL3wydQljgg8D40I6wEFAyUpbYgTU4q14quQ==

"@napi-rs/canvas-darwin-arm64@0.1.34":
  version "0.1.34"
  resolved "https://registry.yarnpkg.com/@napi-rs/canvas-darwin-arm64/-/canvas-darwin-arm64-0.1.34.tgz#9bb6179260c424fe9f51cbc0b94db56d83115970"
  integrity sha512-P8oEeRHJ5z2TYg+rHtEk5lxdODtvYKwfs3v8Uy5EuQJ7PIoEFjUfQnnntuZ1LwbDz0TfuaJz0aRH9TjMNnBKBw==

"@napi-rs/canvas-darwin-x64@0.1.34":
  version "0.1.34"
  resolved "https://registry.yarnpkg.com/@napi-rs/canvas-darwin-x64/-/canvas-darwin-x64-0.1.34.tgz#cd567720c10a5b014d84281c9db9f4dc0e104d6e"
  integrity sha512-TptzmEvPbQtZQfpdVqXzvvyy0gRIxFSeaavUJEA0wstuXmMEEL3Ge6rk/lX38ixrwC6rTB3V6e2hziRd1UZ9Pg==

"@napi-rs/canvas-linux-arm-gnueabihf@0.1.34":
  version "0.1.34"
  resolved "https://registry.yarnpkg.com/@napi-rs/canvas-linux-arm-gnueabihf/-/canvas-linux-arm-gnueabihf-0.1.34.tgz#08f8fd4d2df1f34c17666a092b48df8df856ce88"
  integrity sha512-w54DIqvdxc+cIP3y0esC26G5BKICE4nvo6J0u/q9zZruvnLkInKariAOMTN0gmDjZjHY3a5lTro4CTg0Odoteg==

"@napi-rs/canvas-linux-arm64-gnu@0.1.34":
  version "0.1.34"
  resolved "https://registry.yarnpkg.com/@napi-rs/canvas-linux-arm64-gnu/-/canvas-linux-arm64-gnu-0.1.34.tgz#cfbd08496bc257563ff921f9bbd899b9f61f7047"
  integrity sha512-N008ta7zer8v3cky4YLT9IcOmVmL7PyJ2P7L65GeICfOkczOD9THdgcbPWa6NNbHiDSHPSsXVRRrb5uAIDNbZQ==

"@napi-rs/canvas-linux-arm64-musl@0.1.34":
  version "0.1.34"
  resolved "https://registry.yarnpkg.com/@napi-rs/canvas-linux-arm64-musl/-/canvas-linux-arm64-musl-0.1.34.tgz#a98f79b83148c6c51a9b5b3e539dfaffb87a7219"
  integrity sha512-/axLA9UrNri93JqlbQaZ4Md2zUMwWxSHnTnlOnGBpDrAvFHrZ8VgYvQU6SbaiAuC7NvqADFgZ+lINo2JCMl1tw==

"@napi-rs/canvas-linux-x64-gnu@0.1.34":
  version "0.1.34"
  resolved "https://registry.yarnpkg.com/@napi-rs/canvas-linux-x64-gnu/-/canvas-linux-x64-gnu-0.1.34.tgz#97165efdff4582c52aad3595619c4c796b35f114"
  integrity sha512-YEYdWWmAdZt/02t22DFlqFxANmmEI6/Vyqoz+7+Y6s/6nAohQ/S9qRjeYtMYW4J6qxSpoVhOm8NkZ7niv4OFJA==

"@napi-rs/canvas-linux-x64-musl@0.1.34":
  version "0.1.34"
  resolved "https://registry.yarnpkg.com/@napi-rs/canvas-linux-x64-musl/-/canvas-linux-x64-musl-0.1.34.tgz#430db22f486f2124a2392da23636094ace0207bb"
  integrity sha512-K4Nk/BL6TiLkMU8QAH45j/YAn7B4//cp6FvivGJBr7/unEm+nv8nSFX/ueBV9G6/lyOBKcWdiMWoclJxVP9q4A==

"@napi-rs/canvas-win32-x64-msvc@0.1.34":
  version "0.1.34"
  resolved "https://registry.yarnpkg.com/@napi-rs/canvas-win32-x64-msvc/-/canvas-win32-x64-msvc-0.1.34.tgz#d514cfa552ae0dda7186756aa4d908b7e6251b40"
  integrity sha512-k8tPRVbB0svxC3sZ1qxMJbJYjnFN1oyi344DwbbOeUTUQNyGPwrpsHjtnPbNogl0/i/jFtRXH6fI5fCngmolCA==

"@napi-rs/canvas@^0.1.34":
  version "0.1.34"
  resolved "https://registry.yarnpkg.com/@napi-rs/canvas/-/canvas-0.1.34.tgz#c352d53fa7a4adbdd5b5da342bbdaf677a8157d5"
  integrity sha512-Nw719Ne/523nRIsM3ZHRfZFHKLE7Hy8K0ChQZNvOP4GebLBmeoySzEIaxxG4xja+jDGwhkbh43raMK7No9kx7A==
  optionalDependencies:
    "@napi-rs/canvas-android-arm64" "0.1.34"
    "@napi-rs/canvas-darwin-arm64" "0.1.34"
    "@napi-rs/canvas-darwin-x64" "0.1.34"
    "@napi-rs/canvas-linux-arm-gnueabihf" "0.1.34"
    "@napi-rs/canvas-linux-arm64-gnu" "0.1.34"
    "@napi-rs/canvas-linux-arm64-musl" "0.1.34"
    "@napi-rs/canvas-linux-x64-gnu" "0.1.34"
    "@napi-rs/canvas-linux-x64-musl" "0.1.34"
    "@napi-rs/canvas-win32-x64-msvc" "0.1.34"
